schema_version=1
repository=https://github.com/shadowsocks/shadowsocks-rust.git
tag=v1.24.0
tag_object=none
commit=7ee1aa9223ed8f4d34734aac919036c8ad4502c2
prepared_tree_sha256=6b38f2e51ebb5d8791816ecddcd81da091dc31cfd76ebb8d5c3989e53d87bd55
commit_date=2025-12-11T07:38:59+08:00
fetched_at=2026-08-25
license=MIT
