schema_version=1
repository=https://github.com/shadowsocks/shadowsocks-rust.git
tag=v1.24.0
tag_object=none
commit=7ee1aa9223ed8f4d34734aac919036c8ad4502c2
prepared_tree_sha256=668be12ad146d36c073686be5025999410989e0da985501eb497258c594234bc
commit_date=2025-12-11T07:38:59+08:00
fetched_at=2026-08-25
license=MIT
