schema_version=1
repository=https://github.com/shadowsocks/shadowsocks-rust.git
tag=v1.24.0
tag_object=none
commit=7ee1aa9223ed8f4d34734aac919036c8ad4502c2
prepared_tree_sha256=7f57d709d3f037ff3359c71c0898cc1cd83d47571c8ae6e47b75b130d9fdba25
commit_date=2025-12-11T07:38:59+08:00
fetched_at=2026-08-25
license=MIT
