# Linux x86_64-musl release builds fail closed unless each portable tool version matches.
RELEASE_TARGET=x86_64-unknown-linux-musl
RELEASE_RUSTC_VERSION=1.97.0
RELEASE_RUSTC_COMMIT=2d8144b7880597b6e6d3dfd63a9a9efae3f533d3
RELEASE_CARGO_VERSION=1.97.0
RELEASE_CARGO_ZIGBUILD_VERSION=0.23.0
RELEASE_ZIG_VERSION=0.16.0
RELEASE_PYTHON_VERSION=3.14.6
