schema_version=1
repository=https://github.com/SagerNet/sing-box.git
tag=v1.14.2
tag_object=none
commit=af6e64c3b69e6132ebaee0e1a3d24e93903f6709
prepared_tree_sha256=8119c3fde55e4716f2afc0192a897a464eaa1960365a799ed0611d8d9dc7be9b
commit_date=2026-09-24T18:52:34+08:00
fetched_at=2026-10-03
license=GPL-3.0-or-later
go_minimum=1.25.5
go_verified=1.26.8
track=stable
