# 复制自上游 cmd/sing-box/ 的文件清单（README §4.7、§10 第 1 条）
# 格式：<文件名> <上游 commit 下的 sha256> <本 overlay 文件的 sha256>
# upstream_commit=0b8995879f29a9b98ee027bc17b75e101445b238
cmd.go 7be3d329e10836f68b388d40cb3247712fb92e5e8dbd3f9f756859326a3fe1df 43ea3447f510cee9c7978a82730b1d7702cbb1504a1ac4423f88c70998a3784d
main.go 6ba30d76c57a2062abfcb378a614d8026b0b20e090f43c0962490be9ae4224b2 6b978019e754b173faa54cdb436b58734f1a87b05c23eaf654e220a8ffca7b7c
cmd_run.go 30f16da31ae61cec5f54d4ad3710dfc9d6b549a43089db9a472ccf4a90235c81 a2a955223d4fbeb64001e7dbed156c42dc3062ecc5a6144d4cf730fe6b29dd4b
cmd_check.go 7f3ec71059c58b6e0a2161da98fea5f448f54a1b61da44de1615580e05802a47 05c0d7c0d2f00576706f8ec862797d2b830b834d6e49dca5086a3471aee1941c
cmd_format.go e7f834d47b2c0bead02320a74bdd2ebc38a8b214a1b7f890a238d61b4c4829b9 45a3ff215b91ee2cff72a6adc294a900e5984d31e7b7a01200759288bac84288
cmd_version.go 4b28ed4fce711bd6720a5f190db172d9e9f25dc15d671ffd58a5b779d68ed615 e1eefb3960fabfb5c8a7e220114f373e884cb27012341c0bbf723cb4ead7bc90
cmd_netns_holder.go f83d4cd4197db16688cd87139f38203eba9293461bf3d31d70d84693908adec3 cbe2c89ed3881c568e46267afd000dae06922bd463bc4009c07f631e15cf175f
cmd_run_userns_linux.go 5c7a84291a8eb85fb7525e35af06e38c9d331c70c8c7a126e75269066ec626cd 0404cf8e65003f1863cadcad0a2957327342d3612dc15d5d98fc6fab2fbf0a0d
cmd_run_userns_other.go 93afc49946e03ee6b6f8a44e6a656e2cf9a560be3f14a50b3c8583751ad02ff6 a733b13b55e2541fad69648de1edfff2c74cf3b02d21d1750efad6059dd94e8e
