# 复制自上游 cmd/sing-box/ 的文件清单（README §4.7、§10 第 1 条）
# 格式：<文件名> <上游 commit 下的 sha256> <本 overlay 文件的 sha256>
# upstream_commit=af6e64c3b69e6132ebaee0e1a3d24e93903f6709
cmd.go 7be3d329e10836f68b388d40cb3247712fb92e5e8dbd3f9f756859326a3fe1df acc29fd4a40f83d97a95c39c41208bcae2d51f3071d35952c8444bda1c348bf8
main.go 6ba30d76c57a2062abfcb378a614d8026b0b20e090f43c0962490be9ae4224b2 35831634ad8e8b43d8048f1b926a0438c9103f9d3c468ad5632369d25729be4d
cmd_run.go f693f3714319acccf37bc5c1917308e69496259610271c508f007397ead4c6a5 ab422acd773ebc05e17f4d09ce9294144abb029b50726eaf36afc404e72302f3
cmd_check.go 8e470ea32fdd4e0f6dd0a3becf1395274c54729532d40fb04a411c464e94b291 37c0a3cba1ce8ab34c4d467e59a4f84726c74106698d09abd77996885f506250
cmd_format.go e7f834d47b2c0bead02320a74bdd2ebc38a8b214a1b7f890a238d61b4c4829b9 839cef5581b4b9002fd0fa6b339048bfa3db2fbca1965353936e95558c0c7442
cmd_version.go 4b28ed4fce711bd6720a5f190db172d9e9f25dc15d671ffd58a5b779d68ed615 7327921ae01352229a7a9271a80dbbd51e8cb7efc2fb41af95874ededc575d99
cmd_netns_holder.go f83d4cd4197db16688cd87139f38203eba9293461bf3d31d70d84693908adec3 631cad2fe56ca1c7979a682d46f48c2667a4b4eab5b8d3ae25760c0e2dd77125
cmd_run_userns_linux.go 5c7a84291a8eb85fb7525e35af06e38c9d331c70c8c7a126e75269066ec626cd 0dfd77775231469e608d2d264f9851ef09341a5ef9f75f16e32d2017a2ab7653
cmd_run_userns_other.go 93afc49946e03ee6b6f8a44e6a656e2cf9a560be3f14a50b3c8583751ad02ff6 9eec8192afef8b9b4487229f7d9a19e7bc4a2d04d0239d605c996c8ea7aa5dff
